
Microsoft Visual Studio Solution File, Format Version 12.00
# Visual Studio Version 17
VisualStudioVersion = 17.9.34616.47
MinimumVisualStudioVersion = 10.0.40219.1
Project("{FAE04EC0-301F-11D3-BF4B-00C04F79EFBC}") = "netflop", "netflop\netflop.csproj", "{3A71C443-2B98-4409-A13A-CA21FBF883EC}"
EndProject
Global
	GlobalSection(SolutionConfigurationPlatforms) = preSolution
		Debug|Any CPU = Debug|Any CPU
		Release|Any CPU = Release|Any CPU
	EndGlobalSection
	GlobalSection(ProjectConfigurationPlatforms) = postSolution
		{3A71C443-2B98-4409-A13A-CA21FBF883EC}.Debug|Any CPU.ActiveCfg = Debug|Any CPU
		{3A71C443-2B98-4409-A13A-CA21FBF883EC}.Debug|Any CPU.Build.0 = Debug|Any CPU
		{3A71C443-2B98-4409-A13A-CA21FBF883EC}.Release|Any CPU.ActiveCfg = Release|Any CPU
		{3A71C443-2B98-4409-A13A-CA21FBF883EC}.Release|Any CPU.Build.0 = Release|Any CPU
	EndGlobalSection
	GlobalSection(SolutionProperties) = preSolution
		HideSolutionNode = FALSE
	EndGlobalSection
	GlobalSection(ExtensibilityGlobals) = postSolution
		SolutionGuid = {6BEDBD15-6D8D-4A7A-937D-669ECD260134}
	EndGlobalSection
EndGlobal
